
Microsoft Visual Studio Solution File, Format Version 12.00
# Visual Studio Version 16
VisualStudioVersion = 16.0.29411.108
MinimumVisualStudioVersion = 15.0.26124.0
Project("{9A19103F-16F7-4668-BE54-9A1E7A4F7556}") = "SES.Core", "src\SES.Core\SES.Core.csproj", "{CC50FC21-E2B7-4DA9-86F7-C56888667875}"
EndProject
Project("{9A19103F-16F7-4668-BE54-9A1E7A4F7556}") = "SES.Store", "src\SES.Store\SES.Store.csproj", "{F2F42A31-27A8-48C1-AAF1-83CD702830F6}"
EndProject
Project("{9A19103F-16F7-4668-BE54-9A1E7A4F7556}") = "SES.Client", "src\SES.Client\SES.Client.csproj", "{92F0A23C-60AC-41BC-87FC-B6E8BB1D57F9}"
EndProject
Project("{9A19103F-16F7-4668-BE54-9A1E7A4F7556}") = "SES.Server", "src\SES.Server\SES.Server.csproj", "{9B4E5FC3-B5F2-4C9D-8131-D16ED153EDDC}"
EndProject
Project("{9A19103F-16F7-4668-BE54-9A1E7A4F7556}") = "SES.Store.MSSQL", "src\SES.Store.MSSQL\SES.Store.MSSQL.csproj", "{9376E00E-6CFD-4BE1-9479-0582FA60EFDE}"
EndProject
Project("{2150E333-8FDC-42A3-9474-1A3956D46DE8}") = "samples", "samples", "{0DFDFC1E-6A1A-4997-A673-DDF4ECB5FBBC}"
EndProject
Project("{9A19103F-16F7-4668-BE54-9A1E7A4F7556}") = "SES.Samples.Publisher", "samples\SES.Samples.Publisher\SES.Samples.Publisher.csproj", "{E4217A9D-5BA9-453D-927A-B500199007D5}"
EndProject
Project("{9A19103F-16F7-4668-BE54-9A1E7A4F7556}") = "SES.Samples.Subscriber", "samples\SES.Samples.Subscriber\SES.Samples.Subscriber.csproj", "{22D32B0E-5CC5-4A9B-8FAE-F3AA4305B2A1}"
EndProject
Project("{9A19103F-16F7-4668-BE54-9A1E7A4F7556}") = "SES.Samples.Messages", "samples\SES.Samples.Messages\SES.Samples.Messages.csproj", "{26687E9D-F3B0-4172-B71F-9EED15FC9402}"
EndProject
Project("{9A19103F-16F7-4668-BE54-9A1E7A4F7556}") = "SES.Serialization.Json", "src\SES.Serialization.Json\SES.Serialization.Json.csproj", "{EB936002-43DF-48DA-AEE7-B85095461BA8}"
EndProject
Global
	GlobalSection(SolutionConfigurationPlatforms) = preSolution
		Debug|Any CPU = Debug|Any CPU
		Debug|x64 = Debug|x64
		Debug|x86 = Debug|x86
		Release|Any CPU = Release|Any CPU
		Release|x64 = Release|x64
		Release|x86 = Release|x86
	EndGlobalSection
	GlobalSection(ProjectConfigurationPlatforms) = postSolution
		{CC50FC21-E2B7-4DA9-86F7-C56888667875}.Debug|Any CPU.ActiveCfg = Debug|Any CPU
		{CC50FC21-E2B7-4DA9-86F7-C56888667875}.Debug|Any CPU.Build.0 = Debug|Any CPU
		{CC50FC21-E2B7-4DA9-86F7-C56888667875}.Debug|x64.ActiveCfg = Debug|Any CPU
		{CC50FC21-E2B7-4DA9-86F7-C56888667875}.Debug|x64.Build.0 = Debug|Any CPU
		{CC50FC21-E2B7-4DA9-86F7-C56888667875}.Debug|x86.ActiveCfg = Debug|Any CPU
		{CC50FC21-E2B7-4DA9-86F7-C56888667875}.Debug|x86.Build.0 = Debug|Any CPU
		{CC50FC21-E2B7-4DA9-86F7-C56888667875}.Release|Any CPU.ActiveCfg = Release|Any CPU
		{CC50FC21-E2B7-4DA9-86F7-C56888667875}.Release|Any CPU.Build.0 = Release|Any CPU
		{CC50FC21-E2B7-4DA9-86F7-C56888667875}.Release|x64.ActiveCfg = Release|Any CPU
		{CC50FC21-E2B7-4DA9-86F7-C56888667875}.Release|x64.Build.0 = Release|Any CPU
		{CC50FC21-E2B7-4DA9-86F7-C56888667875}.Release|x86.ActiveCfg = Release|Any CPU
		{CC50FC21-E2B7-4DA9-86F7-C56888667875}.Release|x86.Build.0 = Release|Any CPU
		{F2F42A31-27A8-48C1-AAF1-83CD702830F6}.Debug|Any CPU.ActiveCfg = Debug|Any CPU
		{F2F42A31-27A8-48C1-AAF1-83CD702830F6}.Debug|Any CPU.Build.0 = Debug|Any CPU
		{F2F42A31-27A8-48C1-AAF1-83CD702830F6}.Debug|x64.ActiveCfg = Debug|Any CPU
		{F2F42A31-27A8-48C1-AAF1-83CD702830F6}.Debug|x64.Build.0 = Debug|Any CPU
		{F2F42A31-27A8-48C1-AAF1-83CD702830F6}.Debug|x86.ActiveCfg = Debug|Any CPU
		{F2F42A31-27A8-48C1-AAF1-83CD702830F6}.Debug|x86.Build.0 = Debug|Any CPU
		{F2F42A31-27A8-48C1-AAF1-83CD702830F6}.Release|Any CPU.ActiveCfg = Release|Any CPU
		{F2F42A31-27A8-48C1-AAF1-83CD702830F6}.Release|Any CPU.Build.0 = Release|Any CPU
		{F2F42A31-27A8-48C1-AAF1-83CD702830F6}.Release|x64.ActiveCfg = Release|Any CPU
		{F2F42A31-27A8-48C1-AAF1-83CD702830F6}.Release|x64.Build.0 = Release|Any CPU
		{F2F42A31-27A8-48C1-AAF1-83CD702830F6}.Release|x86.ActiveCfg = Release|Any CPU
		{F2F42A31-27A8-48C1-AAF1-83CD702830F6}.Release|x86.Build.0 = Release|Any CPU
		{92F0A23C-60AC-41BC-87FC-B6E8BB1D57F9}.Debug|Any CPU.ActiveCfg = Debug|Any CPU
		{92F0A23C-60AC-41BC-87FC-B6E8BB1D57F9}.Debug|Any CPU.Build.0 = Debug|Any CPU
		{92F0A23C-60AC-41BC-87FC-B6E8BB1D57F9}.Debug|x64.ActiveCfg = Debug|Any CPU
		{92F0A23C-60AC-41BC-87FC-B6E8BB1D57F9}.Debug|x64.Build.0 = Debug|Any CPU
		{92F0A23C-60AC-41BC-87FC-B6E8BB1D57F9}.Debug|x86.ActiveCfg = Debug|Any CPU
		{92F0A23C-60AC-41BC-87FC-B6E8BB1D57F9}.Debug|x86.Build.0 = Debug|Any CPU
		{92F0A23C-60AC-41BC-87FC-B6E8BB1D57F9}.Release|Any CPU.ActiveCfg = Release|Any CPU
		{92F0A23C-60AC-41BC-87FC-B6E8BB1D57F9}.Release|Any CPU.Build.0 = Release|Any CPU
		{92F0A23C-60AC-41BC-87FC-B6E8BB1D57F9}.Release|x64.ActiveCfg = Release|Any CPU
		{92F0A23C-60AC-41BC-87FC-B6E8BB1D57F9}.Release|x64.Build.0 = Release|Any CPU
		{92F0A23C-60AC-41BC-87FC-B6E8BB1D57F9}.Release|x86.ActiveCfg = Release|Any CPU
		{92F0A23C-60AC-41BC-87FC-B6E8BB1D57F9}.Release|x86.Build.0 = Release|Any CPU
		{9B4E5FC3-B5F2-4C9D-8131-D16ED153EDDC}.Debug|Any CPU.ActiveCfg = Debug|Any CPU
		{9B4E5FC3-B5F2-4C9D-8131-D16ED153EDDC}.Debug|Any CPU.Build.0 = Debug|Any CPU
		{9B4E5FC3-B5F2-4C9D-8131-D16ED153EDDC}.Debug|x64.ActiveCfg = Debug|Any CPU
		{9B4E5FC3-B5F2-4C9D-8131-D16ED153EDDC}.Debug|x64.Build.0 = Debug|Any CPU
		{9B4E5FC3-B5F2-4C9D-8131-D16ED153EDDC}.Debug|x86.ActiveCfg = Debug|Any CPU
		{9B4E5FC3-B5F2-4C9D-8131-D16ED153EDDC}.Debug|x86.Build.0 = Debug|Any CPU
		{9B4E5FC3-B5F2-4C9D-8131-D16ED153EDDC}.Release|Any CPU.ActiveCfg = Release|Any CPU
		{9B4E5FC3-B5F2-4C9D-8131-D16ED153EDDC}.Release|Any CPU.Build.0 = Release|Any CPU
		{9B4E5FC3-B5F2-4C9D-8131-D16ED153EDDC}.Release|x64.ActiveCfg = Release|Any CPU
		{9B4E5FC3-B5F2-4C9D-8131-D16ED153EDDC}.Release|x64.Build.0 = Release|Any CPU
		{9B4E5FC3-B5F2-4C9D-8131-D16ED153EDDC}.Release|x86.ActiveCfg = Release|Any CPU
		{9B4E5FC3-B5F2-4C9D-8131-D16ED153EDDC}.Release|x86.Build.0 = Release|Any CPU
		{9376E00E-6CFD-4BE1-9479-0582FA60EFDE}.Debug|Any CPU.ActiveCfg = Debug|Any CPU
		{9376E00E-6CFD-4BE1-9479-0582FA60EFDE}.Debug|Any CPU.Build.0 = Debug|Any CPU
		{9376E00E-6CFD-4BE1-9479-0582FA60EFDE}.Debug|x64.ActiveCfg = Debug|Any CPU
		{9376E00E-6CFD-4BE1-9479-0582FA60EFDE}.Debug|x64.Build.0 = Debug|Any CPU
		{9376E00E-6CFD-4BE1-9479-0582FA60EFDE}.Debug|x86.ActiveCfg = Debug|Any CPU
		{9376E00E-6CFD-4BE1-9479-0582FA60EFDE}.Debug|x86.Build.0 = Debug|Any CPU
		{9376E00E-6CFD-4BE1-9479-0582FA60EFDE}.Release|Any CPU.ActiveCfg = Release|Any CPU
		{9376E00E-6CFD-4BE1-9479-0582FA60EFDE}.Release|Any CPU.Build.0 = Release|Any CPU
		{9376E00E-6CFD-4BE1-9479-0582FA60EFDE}.Release|x64.ActiveCfg = Release|Any CPU
		{9376E00E-6CFD-4BE1-9479-0582FA60EFDE}.Release|x64.Build.0 = Release|Any CPU
		{9376E00E-6CFD-4BE1-9479-0582FA60EFDE}.Release|x86.ActiveCfg = Release|Any CPU
		{9376E00E-6CFD-4BE1-9479-0582FA60EFDE}.Release|x86.Build.0 = Release|Any CPU
		{E4217A9D-5BA9-453D-927A-B500199007D5}.Debug|Any CPU.ActiveCfg = Debug|Any CPU
		{E4217A9D-5BA9-453D-927A-B500199007D5}.Debug|Any CPU.Build.0 = Debug|Any CPU
		{E4217A9D-5BA9-453D-927A-B500199007D5}.Debug|x64.ActiveCfg = Debug|Any CPU
		{E4217A9D-5BA9-453D-927A-B500199007D5}.Debug|x64.Build.0 = Debug|Any CPU
		{E4217A9D-5BA9-453D-927A-B500199007D5}.Debug|x86.ActiveCfg = Debug|Any CPU
		{E4217A9D-5BA9-453D-927A-B500199007D5}.Debug|x86.Build.0 = Debug|Any CPU
		{E4217A9D-5BA9-453D-927A-B500199007D5}.Release|Any CPU.ActiveCfg = Release|Any CPU
		{E4217A9D-5BA9-453D-927A-B500199007D5}.Release|Any CPU.Build.0 = Release|Any CPU
		{E4217A9D-5BA9-453D-927A-B500199007D5}.Release|x64.ActiveCfg = Release|Any CPU
		{E4217A9D-5BA9-453D-927A-B500199007D5}.Release|x64.Build.0 = Release|Any CPU
		{E4217A9D-5BA9-453D-927A-B500199007D5}.Release|x86.ActiveCfg = Release|Any CPU
		{E4217A9D-5BA9-453D-927A-B500199007D5}.Release|x86.Build.0 = Release|Any CPU
		{22D32B0E-5CC5-4A9B-8FAE-F3AA4305B2A1}.Debug|Any CPU.ActiveCfg = Debug|Any CPU
		{22D32B0E-5CC5-4A9B-8FAE-F3AA4305B2A1}.Debug|Any CPU.Build.0 = Debug|Any CPU
		{22D32B0E-5CC5-4A9B-8FAE-F3AA4305B2A1}.Debug|x64.ActiveCfg = Debug|Any CPU
		{22D32B0E-5CC5-4A9B-8FAE-F3AA4305B2A1}.Debug|x64.Build.0 = Debug|Any CPU
		{22D32B0E-5CC5-4A9B-8FAE-F3AA4305B2A1}.Debug|x86.ActiveCfg = Debug|Any CPU
		{22D32B0E-5CC5-4A9B-8FAE-F3AA4305B2A1}.Debug|x86.Build.0 = Debug|Any CPU
		{22D32B0E-5CC5-4A9B-8FAE-F3AA4305B2A1}.Release|Any CPU.ActiveCfg = Release|Any CPU
		{22D32B0E-5CC5-4A9B-8FAE-F3AA4305B2A1}.Release|Any CPU.Build.0 = Release|Any CPU
		{22D32B0E-5CC5-4A9B-8FAE-F3AA4305B2A1}.Release|x64.ActiveCfg = Release|Any CPU
		{22D32B0E-5CC5-4A9B-8FAE-F3AA4305B2A1}.Release|x64.Build.0 = Release|Any CPU
		{22D32B0E-5CC5-4A9B-8FAE-F3AA4305B2A1}.Release|x86.ActiveCfg = Release|Any CPU
		{22D32B0E-5CC5-4A9B-8FAE-F3AA4305B2A1}.Release|x86.Build.0 = Release|Any CPU
		{26687E9D-F3B0-4172-B71F-9EED15FC9402}.Debug|Any CPU.ActiveCfg = Debug|Any CPU
		{26687E9D-F3B0-4172-B71F-9EED15FC9402}.Debug|Any CPU.Build.0 = Debug|Any CPU
		{26687E9D-F3B0-4172-B71F-9EED15FC9402}.Debug|x64.ActiveCfg = Debug|Any CPU
		{26687E9D-F3B0-4172-B71F-9EED15FC9402}.Debug|x64.Build.0 = Debug|Any CPU
		{26687E9D-F3B0-4172-B71F-9EED15FC9402}.Debug|x86.ActiveCfg = Debug|Any CPU
		{26687E9D-F3B0-4172-B71F-9EED15FC9402}.Debug|x86.Build.0 = Debug|Any CPU
		{26687E9D-F3B0-4172-B71F-9EED15FC9402}.Release|Any CPU.ActiveCfg = Release|Any CPU
		{26687E9D-F3B0-4172-B71F-9EED15FC9402}.Release|Any CPU.Build.0 = Release|Any CPU
		{26687E9D-F3B0-4172-B71F-9EED15FC9402}.Release|x64.ActiveCfg = Release|Any CPU
		{26687E9D-F3B0-4172-B71F-9EED15FC9402}.Release|x64.Build.0 = Release|Any CPU
		{26687E9D-F3B0-4172-B71F-9EED15FC9402}.Release|x86.ActiveCfg = Release|Any CPU
		{26687E9D-F3B0-4172-B71F-9EED15FC9402}.Release|x86.Build.0 = Release|Any CPU
		{EB936002-43DF-48DA-AEE7-B85095461BA8}.Debug|Any CPU.ActiveCfg = Debug|Any CPU
		{EB936002-43DF-48DA-AEE7-B85095461BA8}.Debug|Any CPU.Build.0 = Debug|Any CPU
		{EB936002-43DF-48DA-AEE7-B85095461BA8}.Debug|x64.ActiveCfg = Debug|Any CPU
		{EB936002-43DF-48DA-AEE7-B85095461BA8}.Debug|x64.Build.0 = Debug|Any CPU
		{EB936002-43DF-48DA-AEE7-B85095461BA8}.Debug|x86.ActiveCfg = Debug|Any CPU
		{EB936002-43DF-48DA-AEE7-B85095461BA8}.Debug|x86.Build.0 = Debug|Any CPU
		{EB936002-43DF-48DA-AEE7-B85095461BA8}.Release|Any CPU.ActiveCfg = Release|Any CPU
		{EB936002-43DF-48DA-AEE7-B85095461BA8}.Release|Any CPU.Build.0 = Release|Any CPU
		{EB936002-43DF-48DA-AEE7-B85095461BA8}.Release|x64.ActiveCfg = Release|Any CPU
		{EB936002-43DF-48DA-AEE7-B85095461BA8}.Release|x64.Build.0 = Release|Any CPU
		{EB936002-43DF-48DA-AEE7-B85095461BA8}.Release|x86.ActiveCfg = Release|Any CPU
		{EB936002-43DF-48DA-AEE7-B85095461BA8}.Release|x86.Build.0 = Release|Any CPU
	EndGlobalSection
	GlobalSection(SolutionProperties) = preSolution
		HideSolutionNode = FALSE
	EndGlobalSection
	GlobalSection(NestedProjects) = preSolution
		{E4217A9D-5BA9-453D-927A-B500199007D5} = {0DFDFC1E-6A1A-4997-A673-DDF4ECB5FBBC}
		{22D32B0E-5CC5-4A9B-8FAE-F3AA4305B2A1} = {0DFDFC1E-6A1A-4997-A673-DDF4ECB5FBBC}
		{26687E9D-F3B0-4172-B71F-9EED15FC9402} = {0DFDFC1E-6A1A-4997-A673-DDF4ECB5FBBC}
	EndGlobalSection
	GlobalSection(ExtensibilityGlobals) = postSolution
		SolutionGuid = {4A2CBB1F-50BD-4694-A3F4-AC82A223F580}
	EndGlobalSection
EndGlobal
